
Microsoft Visual Studio Solution File, Format Version 12.00
# Visual Studio 15
VisualStudioVersion = 15.0.27130.2027
MinimumVisualStudioVersion = 10.0.40219.1
Project("{FAE04EC0-301F-11D3-BF4B-00C04F79EFBC}") = "PiposX.Android", "PiposX\PiposX.Android\PiposX.Android.csproj", "{E3FA6579-8359-4A3A-9823-4CCC4B2A8A24}"
EndProject
Project("{FAE04EC0-301F-11D3-BF4B-00C04F79EFBC}") = "PiposX.iOS", "PiposX\PiposX.iOS\PiposX.iOS.csproj", "{68FD3542-1D76-4479-A3E7-7CB3746A63BD}"
EndProject
Project("{FAE04EC0-301F-11D3-BF4B-00C04F79EFBC}") = "PiposX", "PiposX\PiposX\PiposX.csproj", "{5AD732DB-1136-41AB-BD2F-D6A82F899519}"
EndProject
Global
	GlobalSection(SolutionConfigurationPlatforms) = preSolution
		Ad-Hoc|Any CPU = Ad-Hoc|Any CPU
		Ad-Hoc|iPhone = Ad-Hoc|iPhone
		Ad-Hoc|iPhoneSimulator = Ad-Hoc|iPhoneSimulator
		AppStore|Any CPU = AppStore|Any CPU
		AppStore|iPhone = AppStore|iPhone
		AppStore|iPhoneSimulator = AppStore|iPhoneSimulator
		Debug|Any CPU = Debug|Any CPU
		Debug|iPhone = Debug|iPhone
		Debug|iPhoneSimulator = Debug|iPhoneSimulator
		Release|Any CPU = Release|Any CPU
		Release|iPhone = Release|iPhone
		Release|iPhoneSimulator = Release|iPhoneSimulator
	EndGlobalSection
	GlobalSection(ProjectConfigurationPlatforms) = postSolution
		{E3FA6579-8359-4A3A-9823-4CCC4B2A8A24}.Ad-Hoc|Any CPU.ActiveCfg = Release|Any CPU
		{E3FA6579-8359-4A3A-9823-4CCC4B2A8A24}.Ad-Hoc|Any CPU.Build.0 = Release|Any CPU
		{E3FA6579-8359-4A3A-9823-4CCC4B2A8A24}.Ad-Hoc|Any CPU.Deploy.0 = Release|Any CPU
		{E3FA6579-8359-4A3A-9823-4CCC4B2A8A24}.Ad-Hoc|iPhone.ActiveCfg = Release|Any CPU
		{E3FA6579-8359-4A3A-9823-4CCC4B2A8A24}.Ad-Hoc|iPhone.Build.0 = Release|Any CPU
		{E3FA6579-8359-4A3A-9823-4CCC4B2A8A24}.Ad-Hoc|iPhone.Deploy.0 = Release|Any CPU
		{E3FA6579-8359-4A3A-9823-4CCC4B2A8A24}.Ad-Hoc|iPhoneSimulator.ActiveCfg = Release|Any CPU
		{E3FA6579-8359-4A3A-9823-4CCC4B2A8A24}.Ad-Hoc|iPhoneSimulator.Build.0 = Release|Any CPU
		{E3FA6579-8359-4A3A-9823-4CCC4B2A8A24}.Ad-Hoc|iPhoneSimulator.Deploy.0 = Release|Any CPU
		{E3FA6579-8359-4A3A-9823-4CCC4B2A8A24}.AppStore|Any CPU.ActiveCfg = Release|Any CPU
		{E3FA6579-8359-4A3A-9823-4CCC4B2A8A24}.AppStore|Any CPU.Build.0 = Release|Any CPU
		{E3FA6579-8359-4A3A-9823-4CCC4B2A8A24}.AppStore|Any CPU.Deploy.0 = Release|Any CPU
		{E3FA6579-8359-4A3A-9823-4CCC4B2A8A24}.AppStore|iPhone.ActiveCfg = Release|Any CPU
		{E3FA6579-8359-4A3A-9823-4CCC4B2A8A24}.AppStore|iPhone.Build.0 = Release|Any CPU
		{E3FA6579-8359-4A3A-9823-4CCC4B2A8A24}.AppStore|iPhone.Deploy.0 = Release|Any CPU
		{E3FA6579-8359-4A3A-9823-4CCC4B2A8A24}.AppStore|iPhoneSimulator.ActiveCfg = Release|Any CPU
		{E3FA6579-8359-4A3A-9823-4CCC4B2A8A24}.AppStore|iPhoneSimulator.Build.0 = Release|Any CPU
		{E3FA6579-8359-4A3A-9823-4CCC4B2A8A24}.AppStore|iPhoneSimulator.Deploy.0 = Release|Any CPU
		{E3FA6579-8359-4A3A-9823-4CCC4B2A8A24}.Debug|Any CPU.ActiveCfg = Debug|Any CPU
		{E3FA6579-8359-4A3A-9823-4CCC4B2A8A24}.Debug|Any CPU.Build.0 = Debug|Any CPU
		{E3FA6579-8359-4A3A-9823-4CCC4B2A8A24}.Debug|Any CPU.Deploy.0 = Debug|Any CPU
		{E3FA6579-8359-4A3A-9823-4CCC4B2A8A24}.Debug|iPhone.ActiveCfg = Debug|Any CPU
		{E3FA6579-8359-4A3A-9823-4CCC4B2A8A24}.Debug|iPhone.Build.0 = Debug|Any CPU
		{E3FA6579-8359-4A3A-9823-4CCC4B2A8A24}.Debug|iPhone.Deploy.0 = Debug|Any CPU
		{E3FA6579-8359-4A3A-9823-4CCC4B2A8A24}.Debug|iPhoneSimulator.ActiveCfg = Debug|Any CPU
		{E3FA6579-8359-4A3A-9823-4CCC4B2A8A24}.Debug|iPhoneSimulator.Build.0 = Debug|Any CPU
		{E3FA6579-8359-4A3A-9823-4CCC4B2A8A24}.Debug|iPhoneSimulator.Deploy.0 = Debug|Any CPU
		{E3FA6579-8359-4A3A-9823-4CCC4B2A8A24}.Release|Any CPU.ActiveCfg = Release|Any CPU
		{E3FA6579-8359-4A3A-9823-4CCC4B2A8A24}.Release|Any CPU.Build.0 = Release|Any CPU
		{E3FA6579-8359-4A3A-9823-4CCC4B2A8A24}.Release|Any CPU.Deploy.0 = Release|Any CPU
		{E3FA6579-8359-4A3A-9823-4CCC4B2A8A24}.Release|iPhone.ActiveCfg = Release|Any CPU
		{E3FA6579-8359-4A3A-9823-4CCC4B2A8A24}.Release|iPhone.Build.0 = Release|Any CPU
		{E3FA6579-8359-4A3A-9823-4CCC4B2A8A24}.Release|iPhone.Deploy.0 = Release|Any CPU
		{E3FA6579-8359-4A3A-9823-4CCC4B2A8A24}.Release|iPhoneSimulator.ActiveCfg = Release|Any CPU
		{E3FA6579-8359-4A3A-9823-4CCC4B2A8A24}.Release|iPhoneSimulator.Build.0 = Release|Any CPU
		{E3FA6579-8359-4A3A-9823-4CCC4B2A8A24}.Release|iPhoneSimulator.Deploy.0 = Release|Any CPU
		{68FD3542-1D76-4479-A3E7-7CB3746A63BD}.Ad-Hoc|Any CPU.ActiveCfg = Ad-Hoc|iPhone
		{68FD3542-1D76-4479-A3E7-7CB3746A63BD}.Ad-Hoc|iPhone.ActiveCfg = Ad-Hoc|iPhone
		{68FD3542-1D76-4479-A3E7-7CB3746A63BD}.Ad-Hoc|iPhone.Build.0 = Ad-Hoc|iPhone
		{68FD3542-1D76-4479-A3E7-7CB3746A63BD}.Ad-Hoc|iPhoneSimulator.ActiveCfg = Ad-Hoc|iPhoneSimulator
		{68FD3542-1D76-4479-A3E7-7CB3746A63BD}.Ad-Hoc|iPhoneSimulator.Build.0 = Ad-Hoc|iPhoneSimulator
		{68FD3542-1D76-4479-A3E7-7CB3746A63BD}.AppStore|Any CPU.ActiveCfg = AppStore|iPhone
		{68FD3542-1D76-4479-A3E7-7CB3746A63BD}.AppStore|iPhone.ActiveCfg = AppStore|iPhone
		{68FD3542-1D76-4479-A3E7-7CB3746A63BD}.AppStore|iPhone.Build.0 = AppStore|iPhone
		{68FD3542-1D76-4479-A3E7-7CB3746A63BD}.AppStore|iPhoneSimulator.ActiveCfg = AppStore|iPhoneSimulator
		{68FD3542-1D76-4479-A3E7-7CB3746A63BD}.AppStore|iPhoneSimulator.Build.0 = AppStore|iPhoneSimulator
		{68FD3542-1D76-4479-A3E7-7CB3746A63BD}.Debug|Any CPU.ActiveCfg = Debug|iPhone
		{68FD3542-1D76-4479-A3E7-7CB3746A63BD}.Debug|iPhone.ActiveCfg = Debug|iPhone
		{68FD3542-1D76-4479-A3E7-7CB3746A63BD}.Debug|iPhone.Build.0 = Debug|iPhone
		{68FD3542-1D76-4479-A3E7-7CB3746A63BD}.Debug|iPhoneSimulator.ActiveCfg = Debug|iPhoneSimulator
		{68FD3542-1D76-4479-A3E7-7CB3746A63BD}.Debug|iPhoneSimulator.Build.0 = Debug|iPhoneSimulator
		{68FD3542-1D76-4479-A3E7-7CB3746A63BD}.Release|Any CPU.ActiveCfg = Release|iPhone
		{68FD3542-1D76-4479-A3E7-7CB3746A63BD}.Release|iPhone.ActiveCfg = Release|iPhone
		{68FD3542-1D76-4479-A3E7-7CB3746A63BD}.Release|iPhone.Build.0 = Release|iPhone
		{68FD3542-1D76-4479-A3E7-7CB3746A63BD}.Release|iPhoneSimulator.ActiveCfg = Release|iPhoneSimulator
		{68FD3542-1D76-4479-A3E7-7CB3746A63BD}.Release|iPhoneSimulator.Build.0 = Release|iPhoneSimulator
		{5AD732DB-1136-41AB-BD2F-D6A82F899519}.Ad-Hoc|Any CPU.ActiveCfg = Debug|Any CPU
		{5AD732DB-1136-41AB-BD2F-D6A82F899519}.Ad-Hoc|Any CPU.Build.0 = Debug|Any CPU
		{5AD732DB-1136-41AB-BD2F-D6A82F899519}.Ad-Hoc|iPhone.ActiveCfg = Debug|Any CPU
		{5AD732DB-1136-41AB-BD2F-D6A82F899519}.Ad-Hoc|iPhone.Build.0 = Debug|Any CPU
		{5AD732DB-1136-41AB-BD2F-D6A82F899519}.Ad-Hoc|iPhoneSimulator.ActiveCfg = Debug|Any CPU
		{5AD732DB-1136-41AB-BD2F-D6A82F899519}.Ad-Hoc|iPhoneSimulator.Build.0 = Debug|Any CPU
		{5AD732DB-1136-41AB-BD2F-D6A82F899519}.AppStore|Any CPU.ActiveCfg = Debug|Any CPU
		{5AD732DB-1136-41AB-BD2F-D6A82F899519}.AppStore|Any CPU.Build.0 = Debug|Any CPU
		{5AD732DB-1136-41AB-BD2F-D6A82F899519}.AppStore|iPhone.ActiveCfg = Debug|Any CPU
		{5AD732DB-1136-41AB-BD2F-D6A82F899519}.AppStore|iPhone.Build.0 = Debug|Any CPU
		{5AD732DB-1136-41AB-BD2F-D6A82F899519}.AppStore|iPhoneSimulator.ActiveCfg = Debug|Any CPU
		{5AD732DB-1136-41AB-BD2F-D6A82F899519}.AppStore|iPhoneSimulator.Build.0 = Debug|Any CPU
		{5AD732DB-1136-41AB-BD2F-D6A82F899519}.Debug|Any CPU.ActiveCfg = Debug|Any CPU
		{5AD732DB-1136-41AB-BD2F-D6A82F899519}.Debug|Any CPU.Build.0 = Debug|Any CPU
		{5AD732DB-1136-41AB-BD2F-D6A82F899519}.Debug|iPhone.ActiveCfg = Debug|Any CPU
		{5AD732DB-1136-41AB-BD2F-D6A82F899519}.Debug|iPhone.Build.0 = Debug|Any CPU
		{5AD732DB-1136-41AB-BD2F-D6A82F899519}.Debug|iPhoneSimulator.ActiveCfg = Debug|Any CPU
		{5AD732DB-1136-41AB-BD2F-D6A82F899519}.Debug|iPhoneSimulator.Build.0 = Debug|Any CPU
		{5AD732DB-1136-41AB-BD2F-D6A82F899519}.Release|Any CPU.ActiveCfg = Release|Any CPU
		{5AD732DB-1136-41AB-BD2F-D6A82F899519}.Release|Any CPU.Build.0 = Release|Any CPU
		{5AD732DB-1136-41AB-BD2F-D6A82F899519}.Release|iPhone.ActiveCfg = Release|Any CPU
		{5AD732DB-1136-41AB-BD2F-D6A82F899519}.Release|iPhone.Build.0 = Release|Any CPU
		{5AD732DB-1136-41AB-BD2F-D6A82F899519}.Release|iPhoneSimulator.ActiveCfg = Release|Any CPU
		{5AD732DB-1136-41AB-BD2F-D6A82F899519}.Release|iPhoneSimulator.Build.0 = Release|Any CPU
	EndGlobalSection
	GlobalSection(SolutionProperties) = preSolution
		HideSolutionNode = FALSE
	EndGlobalSection
	GlobalSection(ExtensibilityGlobals) = postSolution
		SolutionGuid = {9B993DF5-5140-4DF1-9891-A0D747CB5335}
	EndGlobalSection
EndGlobal
